
Microsoft Visual Studio Solution File, Format Version 12.00
# Visual Studio Version 17
VisualStudioVersion = 17.3.32929.385
MinimumVisualStudioVersion = 10.0.40219.1
Project("{FAE04EC0-301F-11D3-BF4B-00C04F79EFBC}") = "Entities", "Entities\Entities.csproj", "{597511B4-9EB8-4A30-B58A-1B7770467A5C}"
EndProject
Global
	GlobalSection(SolutionConfigurationPlatforms) = preSolution
		Debug|Any CPU = Debug|Any CPU
		Release|Any CPU = Release|Any CPU
	EndGlobalSection
	GlobalSection(ProjectConfigurationPlatforms) = postSolution
		{597511B4-9EB8-4A30-B58A-1B7770467A5C}.Debug|Any CPU.ActiveCfg = Debug|Any CPU
		{597511B4-9EB8-4A30-B58A-1B7770467A5C}.Debug|Any CPU.Build.0 = Debug|Any CPU
		{597511B4-9EB8-4A30-B58A-1B7770467A5C}.Release|Any CPU.ActiveCfg = Release|Any CPU
		{597511B4-9EB8-4A30-B58A-1B7770467A5C}.Release|Any CPU.Build.0 = Release|Any CPU
	EndGlobalSection
	GlobalSection(SolutionProperties) = preSolution
		HideSolutionNode = FALSE
	EndGlobalSection
	GlobalSection(ExtensibilityGlobals) = postSolution
		SolutionGuid = {E55C4A79-A241-4353-8580-BD0B658F94FC}
	EndGlobalSection
EndGlobal
